// !$*UTF8*$!
{
	archiveVersion = 1;
	classes = {
	};
	objectVersion = 56;
	objects = {

/* Begin PBXBuildFile section */
		642696732B1E776A005AF085 /* ProductDetailView.swift in Sources */ = {isa = PBXBuildFile; fileRef = 642696722B1E776A005AF085 /* ProductDetailView.swift */; };
		642696752B1E9B2F005AF085 /* ProductCreationView.swift in Sources */ = {isa = PBXBuildFile; fileRef = 642696742B1E9B2F005AF085 /* ProductCreationView.swift */; };
		642696782B1EBB31005AF085 /* Realm in Frameworks */ = {isa = PBXBuildFile; productRef = 642696772B1EBB31005AF085 /* Realm */; };
		6426967A2B1EBB31005AF085 /* RealmSwift in Frameworks */ = {isa = PBXBuildFile; productRef = 642696792B1EBB31005AF085 /* RealmSwift */; };
		6426967C2B1EBC97005AF085 /* ProductData.swift in Sources */ = {isa = PBXBuildFile; fileRef = 6426967B2B1EBC97005AF085 /* ProductData.swift */; };
		642696812B1EC339005AF085 /* ProductDataService.swift in Sources */ = {isa = PBXBuildFile; fileRef = 642696802B1EC339005AF085 /* ProductDataService.swift */; };
		642696832B1ECDCA005AF085 /* DataService.swift in Sources */ = {isa = PBXBuildFile; fileRef = 642696822B1ECDCA005AF085 /* DataService.swift */; };
		643071B22B1D40AA0073119C /* StockListApp.swift in Sources */ = {isa = PBXBuildFile; fileRef = 643071B12B1D40AA0073119C /* StockListApp.swift */; };
		643071B62B1D40AB0073119C /* Assets.xcassets in Resources */ = {isa = PBXBuildFile; fileRef = 643071B52B1D40AB0073119C /* Assets.xcassets */; };
		643071B92B1D40AB0073119C /* Preview Assets.xcassets in Resources */ = {isa = PBXBuildFile; fileRef = 643071B82B1D40AB0073119C /* Preview Assets.xcassets */; };
		643071C32B1D46FF0073119C /* Product.swift in Sources */ = {isa = PBXBuildFile; fileRef = 643071C22B1D46FF0073119C /* Product.swift */; };
		643071C52B1D47C90073119C /* ProductResponse.swift in Sources */ = {isa = PBXBuildFile; fileRef = 643071C42B1D47C90073119C /* ProductResponse.swift */; };
		643071C72B1D48BB0073119C /* ProductService.swift in Sources */ = {isa = PBXBuildFile; fileRef = 643071C62B1D48BB0073119C /* ProductService.swift */; };
		643071C92B1D4DE10073119C /* ServiceError.swift in Sources */ = {isa = PBXBuildFile; fileRef = 643071C82B1D4DE10073119C /* ServiceError.swift */; };
		643071CB2B1D53FC0073119C /* ProductsListView.swift in Sources */ = {isa = PBXBuildFile; fileRef = 643071CA2B1D53FC0073119C /* ProductsListView.swift */; };
		643071CD2B1D650F0073119C /* ProductRow.swift in Sources */ = {isa = PBXBuildFile; fileRef = 643071CC2B1D650F0073119C /* ProductRow.swift */; };
/* End PBXBuildFile section */

/* Begin PBXFileReference section */
		642696722B1E776A005AF085 /* ProductDetailView.swift */ = {isa = PBXFileReference; lastKnownFileType = sourcecode.swift; path = ProductDetailView.swift; sourceTree = "<group>"; };
		642696742B1E9B2F005AF085 /* ProductCreationView.swift */ = {isa = PBXFileReference; lastKnownFileType = sourcecode.swift; path = ProductCreationView.swift; sourceTree = "<group>"; };
		6426967B2B1EBC97005AF085 /* ProductData.swift */ = {isa = PBXFileReference; lastKnownFileType = sourcecode.swift; path = ProductData.swift; sourceTree = "<group>"; };
		642696802B1EC339005AF085 /* ProductDataService.swift */ = {isa = PBXFileReference; lastKnownFileType = sourcecode.swift; path = ProductDataService.swift; sourceTree = "<group>"; };
		642696822B1ECDCA005AF085 /* DataService.swift */ = {isa = PBXFileReference; lastKnownFileType = sourcecode.swift; path = DataService.swift; sourceTree = "<group>"; };
		643071AE2B1D40AA0073119C /* StockList.app */ = {isa = PBXFileReference; explicitFileType = wrapper.application; includeInIndex = 0; path = StockList.app; sourceTree = BUILT_PRODUCTS_DIR; };
		643071B12B1D40AA0073119C /* StockListApp.swift */ = {isa = PBXFileReference; lastKnownFileType = sourcecode.swift; path = StockListApp.swift; sourceTree = "<group>"; };
		643071B52B1D40AB0073119C /* Assets.xcassets */ = {isa = PBXFileReference; lastKnownFileType = folder.assetcatalog; path = Assets.xcassets; sourceTree = "<group>"; };
		643071B82B1D40AB0073119C /* Preview Assets.xcassets */ = {isa = PBXFileReference; lastKnownFileType = folder.assetcatalog; path = "Preview Assets.xcassets"; sourceTree = "<group>"; };
		643071C22B1D46FF0073119C /* Product.swift */ = {isa = PBXFileReference; lastKnownFileType = sourcecode.swift; path = Product.swift; sourceTree = "<group>"; };
		643071C42B1D47C90073119C /* ProductResponse.swift */ = {isa = PBXFileReference; lastKnownFileType = sourcecode.swift; path = ProductResponse.swift; sourceTree = "<group>"; };
		643071C62B1D48BB0073119C /* ProductService.swift */ = {isa = PBXFileReference; lastKnownFileType = sourcecode.swift; path = ProductService.swift; sourceTree = "<group>"; };
		643071C82B1D4DE10073119C /* ServiceError.swift */ = {isa = PBXFileReference; lastKnownFileType = sourcecode.swift; path = ServiceError.swift; sourceTree = "<group>"; };
		643071CA2B1D53FC0073119C /* ProductsListView.swift */ = {isa = PBXFileReference; lastKnownFileType = sourcecode.swift; path = ProductsListView.swift; sourceTree = "<group>"; };
		643071CC2B1D650F0073119C /* ProductRow.swift */ = {isa = PBXFileReference; lastKnownFileType = sourcecode.swift; path = ProductRow.swift; sourceTree = "<group>"; };
/* End PBXFileReference section */

/* Begin PBXFrameworksBuildPhase section */
		643071AB2B1D40AA0073119C /* Frameworks */ = {
			isa = PBXFrameworksBuildPhase;
			buildActionMask = 2147483647;
			files = (
				6426967A2B1EBB31005AF085 /* RealmSwift in Frameworks */,
				642696782B1EBB31005AF085 /* Realm in Frameworks */,
			);
			runOnlyForDeploymentPostprocessing = 0;
		};
/* End PBXFrameworksBuildPhase section */

/* Begin PBXGroup section */
		6426967D2B1EBF23005AF085 /* Database */ = {
			isa = PBXGroup;
			children = (
				6426967F2B1EC320005AF085 /* Service */,
				6426967E2B1EBF33005AF085 /* Models */,
			);
			path = Database;
			sourceTree = "<group>";
		};
		6426967E2B1EBF33005AF085 /* Models */ = {
			isa = PBXGroup;
			children = (
				6426967B2B1EBC97005AF085 /* ProductData.swift */,
			);
			path = Models;
			sourceTree = "<group>";
		};
		6426967F2B1EC320005AF085 /* Service */ = {
			isa = PBXGroup;
			children = (
				642696802B1EC339005AF085 /* ProductDataService.swift */,
				642696822B1ECDCA005AF085 /* DataService.swift */,
			);
			path = Service;
			sourceTree = "<group>";
		};
		643071A52B1D40AA0073119C = {
			isa = PBXGroup;
			children = (
				643071B02B1D40AA0073119C /* StockList */,
				643071AF2B1D40AA0073119C /* Products */,
			);
			sourceTree = "<group>";
		};
		643071AF2B1D40AA0073119C /* Products */ = {
			isa = PBXGroup;
			children = (
				643071AE2B1D40AA0073119C /* StockList.app */,
			);
			name = Products;
			sourceTree = "<group>";
		};
		643071B02B1D40AA0073119C /* StockList */ = {
			isa = PBXGroup;
			children = (
				6426967D2B1EBF23005AF085 /* Database */,
				643071C12B1D46EA0073119C /* Views */,
				643071C02B1D46D60073119C /* Services */,
				643071BF2B1D46CA0073119C /* Models */,
				643071B12B1D40AA0073119C /* StockListApp.swift */,
				643071B52B1D40AB0073119C /* Assets.xcassets */,
				643071B72B1D40AB0073119C /* Preview Content */,
			);
			path = StockList;
			sourceTree = "<group>";
		};
		643071B72B1D40AB0073119C /* Preview Content */ = {
			isa = PBXGroup;
			children = (
				643071B82B1D40AB0073119C /* Preview Assets.xcassets */,
			);
			path = "Preview Content";
			sourceTree = "<group>";
		};
		643071BF2B1D46CA0073119C /* Models */ = {
			isa = PBXGroup;
			children = (
				643071C22B1D46FF0073119C /* Product.swift */,
				643071C42B1D47C90073119C /* ProductResponse.swift */,
			);
			path = Models;
			sourceTree = "<group>";
		};
		643071C02B1D46D60073119C /* Services */ = {
			isa = PBXGroup;
			children = (
				643071C62B1D48BB0073119C /* ProductService.swift */,
				643071C82B1D4DE10073119C /* ServiceError.swift */,
			);
			path = Services;
			sourceTree = "<group>";
		};
		643071C12B1D46EA0073119C /* Views */ = {
			isa = PBXGroup;
			children = (
				643071CA2B1D53FC0073119C /* ProductsListView.swift */,
				643071CC2B1D650F0073119C /* ProductRow.swift */,
				642696722B1E776A005AF085 /* ProductDetailView.swift */,
				642696742B1E9B2F005AF085 /* ProductCreationView.swift */,
			);
			path = Views;
			sourceTree = "<group>";
		};
/* End PBXGroup section */

/* Begin PBXNativeTarget section */
		643071AD2B1D40AA0073119C /* StockList */ = {
			isa = PBXNativeTarget;
			buildConfigurationList = 643071BC2B1D40AB0073119C /* Build configuration list for PBXNativeTarget "StockList" */;
			buildPhases = (
				643071AA2B1D40AA0073119C /* Sources */,
				643071AB2B1D40AA0073119C /* Frameworks */,
				643071AC2B1D40AA0073119C /* Resources */,
			);
			buildRules = (
			);
			dependencies = (
			);
			name = StockList;
			packageProductDependencies = (
				642696772B1EBB31005AF085 /* Realm */,
				642696792B1EBB31005AF085 /* RealmSwift */,
			);
			productName = StockList;
			productReference = 643071AE2B1D40AA0073119C /* StockList.app */;
			productType = "com.apple.product-type.application";
		};
/* End PBXNativeTarget section */

/* Begin PBXProject section */
		643071A62B1D40AA0073119C /* Project object */ = {
			isa = PBXProject;
			attributes = {
				BuildIndependentTargetsInParallel = 1;
				LastSwiftUpdateCheck = 1410;
				LastUpgradeCheck = 1410;
				TargetAttributes = {
					643071AD2B1D40AA0073119C = {
						CreatedOnToolsVersion = 14.1;
					};
				};
			};
			buildConfigurationList = 643071A92B1D40AA0073119C /* Build configuration list for PBXProject "StockList" */;
			compatibilityVersion = "Xcode 14.0";
			developmentRegion = en;
			hasScannedForEncodings = 0;
			knownRegions = (
				en,
				Base,
			);
			mainGroup = 643071A52B1D40AA0073119C;
			packageReferences = (
				642696762B1EBB31005AF085 /* XCRemoteSwiftPackageReference "realm-swift" */,
			);
			productRefGroup = 643071AF2B1D40AA0073119C /* Products */;
			projectDirPath = "";
			projectRoot = "";
			targets = (
				643071AD2B1D40AA0073119C /* StockList */,
			);
		};
/* End PBXProject section */

/* Begin PBXResourcesBuildPhase section */
		643071AC2B1D40AA0073119C /* Resources */ = {
			isa = PBXResourcesBuildPhase;
			buildActionMask = 2147483647;
			files = (
				643071B92B1D40AB0073119C /* Preview Assets.xcassets in Resources */,
				643071B62B1D40AB0073119C /* Assets.xcassets in Resources */,
			);
			runOnlyForDeploymentPostprocessing = 0;
		};
/* End PBXResourcesBuildPhase section */

/* Begin PBXSourcesBuildPhase section */
		643071AA2B1D40AA0073119C /* Sources */ = {
			isa = PBXSourcesBuildPhase;
			buildActionMask = 2147483647;
			files = (
				643071C92B1D4DE10073119C /* ServiceError.swift in Sources */,
				6426967C2B1EBC97005AF085 /* ProductData.swift in Sources */,
				642696732B1E776A005AF085 /* ProductDetailView.swift in Sources */,
				642696832B1ECDCA005AF085 /* DataService.swift in Sources */,
				642696752B1E9B2F005AF085 /* ProductCreationView.swift in Sources */,
				643071C52B1D47C90073119C /* ProductResponse.swift in Sources */,
				643071B22B1D40AA0073119C /* StockListApp.swift in Sources */,
				643071CD2B1D650F0073119C /* ProductRow.swift in Sources */,
				643071C32B1D46FF0073119C /* Product.swift in Sources */,
				642696812B1EC339005AF085 /* ProductDataService.swift in Sources */,
				643071CB2B1D53FC0073119C /* ProductsListView.swift in Sources */,
				643071C72B1D48BB0073119C /* ProductService.swift in Sources */,
			);
			runOnlyForDeploymentPostprocessing = 0;
		};
/* End PBXSourcesBuildPhase section */

/* Begin XCBuildConfiguration section */
		643071BA2B1D40AB0073119C /* Debug */ = {
			isa = XCBuildConfiguration;
			buildSettings = {
				ALWAYS_SEARCH_USER_PATHS = NO;
				CLANG_ANALYZER_NONNULL = YES;
				CLANG_ANALYZER_NUMBER_OBJECT_CONVERSION = YES_AGGRESSIVE;
				CLANG_CXX_LANGUAGE_STANDARD = "gnu++20";
				CLANG_ENABLE_MODULES = YES;
				CLANG_ENABLE_OBJC_ARC = YES;
				CLANG_ENABLE_OBJC_WEAK = YES;
				CLANG_WARN_BLOCK_CAPTURE_AUTORELEASING = YES;
				CLANG_WARN_BOOL_CONVERSION = YES;
				CLANG_WARN_COMMA = YES;
				CLANG_WARN_CONSTANT_CONVERSION = YES;
				CLANG_WARN_DEPRECATED_OBJC_IMPLEMENTATIONS = YES;
				CLANG_WARN_DIRECT_OBJC_ISA_USAGE = YES_ERROR;
				CLANG_WARN_DOCUMENTATION_COMMENTS = YES;
				CLANG_WARN_EMPTY_BODY = YES;
				CLANG_WARN_ENUM_CONVERSION = YES;
				CLANG_WARN_INFINITE_RECURSION = YES;
				CLANG_WARN_INT_CONVERSION = YES;
				CLANG_WARN_NON_LITERAL_NULL_CONVERSION = YES;
				CLANG_WARN_OBJC_IMPLICIT_RETAIN_SELF = YES;
				CLANG_WARN_OBJC_LITERAL_CONVERSION = YES;
				CLANG_WARN_OBJC_ROOT_CLASS = YES_ERROR;
				CLANG_WARN_QUOTED_INCLUDE_IN_FRAMEWORK_HEADER = YES;
				CLANG_WARN_RANGE_LOOP_ANALYSIS = YES;
				CLANG_WARN_STRICT_PROTOTYPES = YES;
				CLANG_WARN_SUSPICIOUS_MOVE = YES;
				CLANG_WARN_UNGUARDED_AVAILABILITY = YES_AGGRESSIVE;
				CLANG_WARN_UNREACHABLE_CODE = YES;
				CLANG_WARN__DUPLICATE_METHOD_MATCH = YES;
				COPY_PHASE_STRIP = NO;
				DEBUG_INFORMATION_FORMAT = dwarf;
				ENABLE_STRICT_OBJC_MSGSEND = YES;
				ENABLE_TESTABILITY = YES;
				GCC_C_LANGUAGE_STANDARD = gnu11;
				GCC_DYNAMIC_NO_PIC = NO;
				GCC_NO_COMMON_BLOCKS = YES;
				GCC_OPTIMIZATION_LEVEL = 0;
				GCC_PREPROCESSOR_DEFINITIONS = (
					"DEBUG=1",
					"$(inherited)",
				);
				GCC_WARN_64_TO_32_BIT_CONVERSION = YES;
				GCC_WARN_ABOUT_RETURN_TYPE = YES_ERROR;
				GCC_WARN_UNDECLARED_SELECTOR = YES;
				GCC_WARN_UNINITIALIZED_AUTOS = YES_AGGRESSIVE;
				GCC_WARN_UNUSED_FUNCTION = YES;
				GCC_WARN_UNUSED_VARIABLE = YES;
				IPHONEOS_DEPLOYMENT_TARGET = 16.1;
				MTL_ENABLE_DEBUG_INFO = INCLUDE_SOURCE;
				MTL_FAST_MATH = YES;
				ONLY_ACTIVE_ARCH = YES;
				SDKROOT = iphoneos;
				SWIFT_ACTIVE_COMPILATION_CONDITIONS = DEBUG;
				SWIFT_OPTIMIZATION_LEVEL = "-Onone";
			};
			name = Debug;
		};
		643071BB2B1D40AB0073119C /* Release */ = {
			isa = XCBuildConfiguration;
			buildSettings = {
				ALWAYS_SEARCH_USER_PATHS = NO;
				CLANG_ANALYZER_NONNULL = YES;
				CLANG_ANALYZER_NUMBER_OBJECT_CONVERSION = YES_AGGRESSIVE;
				CLANG_CXX_LANGUAGE_STANDARD = "gnu++20";
				CLANG_ENABLE_MODULES = YES;
				CLANG_ENABLE_OBJC_ARC = YES;
				CLANG_ENABLE_OBJC_WEAK = YES;
				CLANG_WARN_BLOCK_CAPTURE_AUTORELEASING = YES;
				CLANG_WARN_BOOL_CONVERSION = YES;
				CLANG_WARN_COMMA = YES;
				CLANG_WARN_CONSTANT_CONVERSION = YES;
				CLANG_WARN_DEPRECATED_OBJC_IMPLEMENTATIONS = YES;
				CLANG_WARN_DIRECT_OBJC_ISA_USAGE = YES_ERROR;
				CLANG_WARN_DOCUMENTATION_COMMENTS = YES;
				CLANG_WARN_EMPTY_BODY = YES;
				CLANG_WARN_ENUM_CONVERSION = YES;
				CLANG_WARN_INFINITE_RECURSION = YES;
				CLANG_WARN_INT_CONVERSION = YES;
				CLANG_WARN_NON_LITERAL_NULL_CONVERSION = YES;
				CLANG_WARN_OBJC_IMPLICIT_RETAIN_SELF = YES;
				CLANG_WARN_OBJC_LITERAL_CONVERSION = YES;
				CLANG_WARN_OBJC_ROOT_CLASS = YES_ERROR;
				CLANG_WARN_QUOTED_INCLUDE_IN_FRAMEWORK_HEADER = YES;
				CLANG_WARN_RANGE_LOOP_ANALYSIS = YES;
				CLANG_WARN_STRICT_PROTOTYPES = YES;
				CLANG_WARN_SUSPICIOUS_MOVE = YES;
				CLANG_WARN_UNGUARDED_AVAILABILITY = YES_AGGRESSIVE;
				CLANG_WARN_UNREACHABLE_CODE = YES;
				CLANG_WARN__DUPLICATE_METHOD_MATCH = YES;
				COPY_PHASE_STRIP = NO;
				DEBUG_INFORMATION_FORMAT = "dwarf-with-dsym";
				ENABLE_NS_ASSERTIONS = NO;
				ENABLE_STRICT_OBJC_MSGSEND = YES;
				GCC_C_LANGUAGE_STANDARD = gnu11;
				GCC_NO_COMMON_BLOCKS = YES;
				GCC_WARN_64_TO_32_BIT_CONVERSION = YES;
				GCC_WARN_ABOUT_RETURN_TYPE = YES_ERROR;
				GCC_WARN_UNDECLARED_SELECTOR = YES;
				GCC_WARN_UNINITIALIZED_AUTOS = YES_AGGRESSIVE;
				GCC_WARN_UNUSED_FUNCTION = YES;
				GCC_WARN_UNUSED_VARIABLE = YES;
				IPHONEOS_DEPLOYMENT_TARGET = 16.1;
				MTL_ENABLE_DEBUG_INFO = NO;
				MTL_FAST_MATH = YES;
				SDKROOT = iphoneos;
				SWIFT_COMPILATION_MODE = wholemodule;
				SWIFT_OPTIMIZATION_LEVEL = "-O";
				VALIDATE_PRODUCT = YES;
			};
			name = Release;
		};
		643071BD2B1D40AB0073119C /* Debug */ = {
			isa = XCBuildConfiguration;
			buildSettings = {
				ASSETCATALOG_COMPILER_APPICON_NAME = AppIcon;
				ASSETCATALOG_COMPILER_GLOBAL_ACCENT_COLOR_NAME = AccentColor;
				CODE_SIGN_STYLE = Automatic;
				CURRENT_PROJECT_VERSION = 1;
				DEVELOPMENT_ASSET_PATHS = "\"StockList/Preview Content\"";
				DEVELOPMENT_TEAM = VAR4FWX3JY;
				ENABLE_PREVIEWS = YES;
				GENERATE_INFOPLIST_FILE = YES;
				INFOPLIST_KEY_UIApplicationSceneManifest_Generation = YES;
				INFOPLIST_KEY_UIApplicationSupportsIndirectInputEvents = YES;
				INFOPLIST_KEY_UILaunchScreen_Generation = YES;
				INFOPLIST_KEY_UISupportedInterfaceOrientations_iPad = "UIInterfaceOrientationPortrait UIInterfaceOrientationPortraitUpsideDown UIInterfaceOrientationLandscapeLeft UIInterfaceOrientationLandscapeRight";
				INFOPLIST_KEY_UISupportedInterfaceOrientations_iPhone = "UIInterfaceOrientationPortrait UIInterfaceOrientationLandscapeLeft UIInterfaceOrientationLandscapeRight";
				LD_RUNPATH_SEARCH_PATHS = (
					"$(inherited)",
					"@executable_path/Frameworks",
				);
				MARKETING_VERSION = 1.0;
				PRODUCT_BUNDLE_IDENTIFIER = guilhermefeitosa.StockList;
				PRODUCT_NAME = "$(TARGET_NAME)";
				SWIFT_EMIT_LOC_STRINGS = YES;
				SWIFT_VERSION = 5.0;
				TARGETED_DEVICE_FAMILY = "1,2";
			};
			name = Debug;
		};
		643071BE2B1D40AB0073119C /* Release */ = {
			isa = XCBuildConfiguration;
			buildSettings = {
				ASSETCATALOG_COMPILER_APPICON_NAME = AppIcon;
				ASSETCATALOG_COMPILER_GLOBAL_ACCENT_COLOR_NAME = AccentColor;
				CODE_SIGN_STYLE = Automatic;
				CURRENT_PROJECT_VERSION = 1;
				DEVELOPMENT_ASSET_PATHS = "\"StockList/Preview Content\"";
				DEVELOPMENT_TEAM = VAR4FWX3JY;
				ENABLE_PREVIEWS = YES;
				GENERATE_INFOPLIST_FILE = YES;
				INFOPLIST_KEY_UIApplicationSceneManifest_Generation = YES;
				INFOPLIST_KEY_UIApplicationSupportsIndirectInputEvents = YES;
				INFOPLIST_KEY_UILaunchScreen_Generation = YES;
				INFOPLIST_KEY_UISupportedInterfaceOrientations_iPad = "UIInterfaceOrientationPortrait UIInterfaceOrientationPortraitUpsideDown UIInterfaceOrientationLandscapeLeft UIInterfaceOrientationLandscapeRight";
				INFOPLIST_KEY_UISupportedInterfaceOrientations_iPhone = "UIInterfaceOrientationPortrait UIInterfaceOrientationLandscapeLeft UIInterfaceOrientationLandscapeRight";
				LD_RUNPATH_SEARCH_PATHS = (
					"$(inherited)",
					"@executable_path/Frameworks",
				);
				MARKETING_VERSION = 1.0;
				PRODUCT_BUNDLE_IDENTIFIER = guilhermefeitosa.StockList;
				PRODUCT_NAME = "$(TARGET_NAME)";
				SWIFT_EMIT_LOC_STRINGS = YES;
				SWIFT_VERSION = 5.0;
				TARGETED_DEVICE_FAMILY = "1,2";
			};
			name = Release;
		};
/* End XCBuildConfiguration section */

/* Begin XCConfigurationList section */
		643071A92B1D40AA0073119C /* Build configuration list for PBXProject "StockList" */ = {
			isa = XCConfigurationList;
			buildConfigurations = (
				643071BA2B1D40AB0073119C /* Debug */,
				643071BB2B1D40AB0073119C /* Release */,
			);
			defaultConfigurationIsVisible = 0;
			defaultConfigurationName = Release;
		};
		643071BC2B1D40AB0073119C /* Build configuration list for PBXNativeTarget "StockList" */ = {
			isa = XCConfigurationList;
			buildConfigurations = (
				643071BD2B1D40AB0073119C /* Debug */,
				643071BE2B1D40AB0073119C /* Release */,
			);
			defaultConfigurationIsVisible = 0;
			defaultConfigurationName = Release;
		};
/* End XCConfigurationList section */

/* Begin XCRemoteSwiftPackageReference section */
		642696762B1EBB31005AF085 /* XCRemoteSwiftPackageReference "realm-swift" */ = {
			isa = XCRemoteSwiftPackageReference;
			repositoryURL = "https://github.com/realm/realm-swift.git";
			requirement = {
				kind = exactVersion;
				version = 10.44.0;
			};
		};
/* End XCRemoteSwiftPackageReference section */

/* Begin XCSwiftPackageProductDependency section */
		642696772B1EBB31005AF085 /* Realm */ = {
			isa = XCSwiftPackageProductDependency;
			package = 642696762B1EBB31005AF085 /* XCRemoteSwiftPackageReference "realm-swift" */;
			productName = Realm;
		};
		642696792B1EBB31005AF085 /* RealmSwift */ = {
			isa = XCSwiftPackageProductDependency;
			package = 642696762B1EBB31005AF085 /* XCRemoteSwiftPackageReference "realm-swift" */;
			productName = RealmSwift;
		};
/* End XCSwiftPackageProductDependency section */
	};
	rootObject = 643071A62B1D40AA0073119C /* Project object */;
}
